// !$*UTF8*$!
{
	archiveVersion = 1;
	classes = {
	};
	objectVersion = 46;
	objects = {

/* Begin PBXBuildFile section */
		423F82BA8439AB93D01BFEF8 /* Pods.framework in Frameworks */ = {isa = PBXBuildFile; fileRef = 5988041E63D0669606384654 /* Pods.framework */; };
		C23765301C250F6E0009219D /* CategoryCell.swift in Sources */ = {isa = PBXBuildFile; fileRef = C237652F1C250F6E0009219D /* CategoryCell.swift */; };
		C23765321C2510210009219D /* TodoCategoryListViewController.swift in Sources */ = {isa = PBXBuildFile; fileRef = C23765311C2510210009219D /* TodoCategoryListViewController.swift */; };
		C237653F1C2511900009219D /* TodoItem+CoreDataProperties.swift in Sources */ = {isa = PBXBuildFile; fileRef = C237653C1C2511900009219D /* TodoItem+CoreDataProperties.swift */; };
		C23765401C2511900009219D /* TodoItemCategory+CoreDataProperties.swift in Sources */ = {isa = PBXBuildFile; fileRef = C237653D1C2511900009219D /* TodoItemCategory+CoreDataProperties.swift */; };
		C23765411C2511900009219D /* TodoItemCategory.swift in Sources */ = {isa = PBXBuildFile; fileRef = C237653E1C2511900009219D /* TodoItemCategory.swift */; };
		C24933AA1C3ABE4500E5812F /* EditTodoItemCell.swift in Sources */ = {isa = PBXBuildFile; fileRef = C24933A91C3ABE4500E5812F /* EditTodoItemCell.swift */; };
		C24F25F01C3EA3B800D56C1D /* TodoCategoryDataSource.swift in Sources */ = {isa = PBXBuildFile; fileRef = C24F25EF1C3EA3B800D56C1D /* TodoCategoryDataSource.swift */; };
		C269CE021C2452840067BFA9 /* TodoItemCell.swift in Sources */ = {isa = PBXBuildFile; fileRef = C269CE011C2452840067BFA9 /* TodoItemCell.swift */; };
		C2AC0B3E1C1F02620014A959 /* AppDelegate.swift in Sources */ = {isa = PBXBuildFile; fileRef = C2AC0B3D1C1F02620014A959 /* AppDelegate.swift */; };
		C2AC0B401C1F02620014A959 /* TodoListViewController.swift in Sources */ = {isa = PBXBuildFile; fileRef = C2AC0B3F1C1F02620014A959 /* TodoListViewController.swift */; };
		C2AC0B431C1F02620014A959 /* Main.storyboard in Resources */ = {isa = PBXBuildFile; fileRef = C2AC0B411C1F02620014A959 /* Main.storyboard */; };
		C2AC0B461C1F02620014A959 /* Todo.xcdatamodeld in Sources */ = {isa = PBXBuildFile; fileRef = C2AC0B441C1F02620014A959 /* Todo.xcdatamodeld */; };
		C2AC0B481C1F02620014A959 /* Assets.xcassets in Resources */ = {isa = PBXBuildFile; fileRef = C2AC0B471C1F02620014A959 /* Assets.xcassets */; };
		C2AC0B4B1C1F02620014A959 /* LaunchScreen.storyboard in Resources */ = {isa = PBXBuildFile; fileRef = C2AC0B491C1F02620014A959 /* LaunchScreen.storyboard */; };
		C2AC0B561C1F02620014A959 /* TodoTests.swift in Sources */ = {isa = PBXBuildFile; fileRef = C2AC0B551C1F02620014A959 /* TodoTests.swift */; };
		C2AC0B611C1F02630014A959 /* TodoUITests.swift in Sources */ = {isa = PBXBuildFile; fileRef = C2AC0B601C1F02630014A959 /* TodoUITests.swift */; };
		C2AC0B731C1F045D0014A959 /* TodoItem.swift in Sources */ = {isa = PBXBuildFile; fileRef = C2AC0B711C1F045D0014A959 /* TodoItem.swift */; };
		C2D7A4921C3C14B500DFA44A /* DoneItemCell.swift in Sources */ = {isa = PBXBuildFile; fileRef = C2D7A4911C3C14B500DFA44A /* DoneItemCell.swift */; };
		C2DD30E91C39521700E8BF77 /* TodoItemDataSource.swift in Sources */ = {isa = PBXBuildFile; fileRef = C2DD30E81C39521700E8BF77 /* TodoItemDataSource.swift */; };
		C2E24ED21C2E492F00890992 /* NSDate+ESAdditions.swift in Sources */ = {isa = PBXBuildFile; fileRef = C2E24ED11C2E492F00890992 /* NSDate+ESAdditions.swift */; };
		C2E291761C22F69E006F25CB /* NewTodoItemController.swift in Sources */ = {isa = PBXBuildFile; fileRef = C2E291751C22F69E006F25CB /* NewTodoItemController.swift */; };
		C2E7EE9C1C26CA5D00476051 /* RectZoomAnimator.swift in Sources */ = {isa = PBXBuildFile; fileRef = C2E7EE9B1C26CA5D00476051 /* RectZoomAnimator.swift */; };
		C84AA9051C4FCE0A002D3391 /* EditCategoryViewController.swift in Sources */ = {isa = PBXBuildFile; fileRef = C84AA9041C4FCE0A002D3391 /* EditCategoryViewController.swift */; };
		C8B1F4F71C47DDBB002F1B65 /* TodoItemCellModel.swift in Sources */ = {isa = PBXBuildFile; fileRef = C8B1F4F61C47DDBB002F1B65 /* TodoItemCellModel.swift */; };
		C8B1F4FB1C487F9D002F1B65 /* CategoryCellModel.swift in Sources */ = {isa = PBXBuildFile; fileRef = C8B1F4FA1C487F9D002F1B65 /* CategoryCellModel.swift */; };
		C8B1F4FD1C4888C8002F1B65 /* EditCategoryCell.swift in Sources */ = {isa = PBXBuildFile; fileRef = C8B1F4FC1C4888C8002F1B65 /* EditCategoryCell.swift */; };
		C8B1F5001C4A6A91002F1B65 /* ReminderViewController.swift in Sources */ = {isa = PBXBuildFile; fileRef = C8B1F4FF1C4A6A91002F1B65 /* ReminderViewController.swift */; };
/* End PBXBuildFile section */

/* Begin PBXContainerItemProxy section */
		C2AC0B521C1F02620014A959 /* PBXContainerItemProxy */ = {
			isa = PBXContainerItemProxy;
			containerPortal = C2AC0B321C1F02620014A959 /* Project object */;
			proxyType = 1;
			remoteGlobalIDString = C2AC0B391C1F02620014A959;
			remoteInfo = Todo;
		};
		C2AC0B5D1C1F02630014A959 /* PBXContainerItemProxy */ = {
			isa = PBXContainerItemProxy;
			containerPortal = C2AC0B321C1F02620014A959 /* Project object */;
			proxyType = 1;
			remoteGlobalIDString = C2AC0B391C1F02620014A959;
			remoteInfo = Todo;
		};
/* End PBXContainerItemProxy section */

/* Begin PBXCopyFilesBuildPhase section */
		C2AC0B941C1F04BB0014A959 /* Embed Frameworks */ = {
			isa = PBXCopyFilesBuildPhase;
			buildActionMask = 2147483647;
			dstPath = "";
			dstSubfolderSpec = 10;
			files = (
			);
			name = "Embed Frameworks";
			runOnlyForDeploymentPostprocessing = 0;
		};
/* End PBXCopyFilesBuildPhase section */

/* Begin PBXFileReference section */
		5988041E63D0669606384654 /* Pods.framework */ = {isa = PBXFileReference; explicitFileType = wrapper.framework; includeInIndex = 0; path = Pods.framework; sourceTree = BUILT_PRODUCTS_DIR; };
		7C0593E4FDEC0965DE1738FA /* Pods.release.xcconfig */ = {isa = PBXFileReference; includeInIndex = 1; lastKnownFileType = text.xcconfig; name = Pods.release.xcconfig; path = "Pods/Target Support Files/Pods/Pods.release.xcconfig"; sourceTree = "<group>"; };
		C237652F1C250F6E0009219D /* CategoryCell.swift */ = {isa = PBXFileReference; fileEncoding = 4; lastKnownFileType = sourcecode.swift; path = CategoryCell.swift; sourceTree = "<group>"; };
		C23765311C2510210009219D /* TodoCategoryListViewController.swift */ = {isa = PBXFileReference; fileEncoding = 4; lastKnownFileType = sourcecode.swift; path = TodoCategoryListViewController.swift; sourceTree = "<group>"; };
		C237653C1C2511900009219D /* TodoItem+CoreDataProperties.swift */ = {isa = PBXFileReference; fileEncoding = 4; lastKnownFileType = sourcecode.swift; path = "TodoItem+CoreDataProperties.swift"; sourceTree = "<group>"; };
		C237653D1C2511900009219D /* TodoItemCategory+CoreDataProperties.swift */ = {isa = PBXFileReference; fileEncoding = 4; lastKnownFileType = sourcecode.swift; path = "TodoItemCategory+CoreDataProperties.swift"; sourceTree = "<group>"; };
		C237653E1C2511900009219D /* TodoItemCategory.swift */ = {isa = PBXFileReference; fileEncoding = 4; lastKnownFileType = sourcecode.swift; path = TodoItemCategory.swift; sourceTree = "<group>"; };
		C24933A91C3ABE4500E5812F /* EditTodoItemCell.swift */ = {isa = PBXFileReference; fileEncoding = 4; lastKnownFileType = sourcecode.swift; path = EditTodoItemCell.swift; sourceTree = "<group>"; };
		C24F25EF1C3EA3B800D56C1D /* TodoCategoryDataSource.swift */ = {isa = PBXFileReference; fileEncoding = 4; lastKnownFileType = sourcecode.swift; path = TodoCategoryDataSource.swift; sourceTree = "<group>"; };
		C269CE011C2452840067BFA9 /* TodoItemCell.swift */ = {isa = PBXFileReference; fileEncoding = 4; lastKnownFileType = sourcecode.swift; path = TodoItemCell.swift; sourceTree = "<group>"; };
		C2AC0B3A1C1F02620014A959 /* Todo.app */ = {isa = PBXFileReference; explicitFileType = wrapper.application; includeInIndex = 0; path = Todo.app; sourceTree = BUILT_PRODUCTS_DIR; };
		C2AC0B3D1C1F02620014A959 /* AppDelegate.swift */ = {isa = PBXFileReference; lastKnownFileType = sourcecode.swift; path = AppDelegate.swift; sourceTree = "<group>"; };
		C2AC0B3F1C1F02620014A959 /* TodoListViewController.swift */ = {isa = PBXFileReference; lastKnownFileType = sourcecode.swift; path = TodoListViewController.swift; sourceTree = "<group>"; };
		C2AC0B421C1F02620014A959 /* Base */ = {isa = PBXFileReference; lastKnownFileType = file.storyboard; name = Base; path = Base.lproj/Main.storyboard; sourceTree = "<group>"; };
		C2AC0B451C1F02620014A959 /* Todo.xcdatamodel */ = {isa = PBXFileReference; lastKnownFileType = wrapper.xcdatamodel; path = Todo.xcdatamodel; sourceTree = "<group>"; };
		C2AC0B471C1F02620014A959 /* Assets.xcassets */ = {isa = PBXFileReference; lastKnownFileType = folder.assetcatalog; path = Assets.xcassets; sourceTree = "<group>"; };
		C2AC0B4A1C1F02620014A959 /* Base */ = {isa = PBXFileReference; lastKnownFileType = file.storyboard; name = Base; path = Base.lproj/LaunchScreen.storyboard; sourceTree = "<group>"; };
		C2AC0B4C1C1F02620014A959 /* Info.plist */ = {isa = PBXFileReference; lastKnownFileType = text.plist.xml; path = Info.plist; sourceTree = "<group>"; };
		C2AC0B511C1F02620014A959 /* TodoTests.xctest */ = {isa = PBXFileReference; explicitFileType = wrapper.cfbundle; includeInIndex = 0; path = TodoTests.xctest; sourceTree = BUILT_PRODUCTS_DIR; };
		C2AC0B551C1F02620014A959 /* TodoTests.swift */ = {isa = PBXFileReference; lastKnownFileType = sourcecode.swift; path = TodoTests.swift; sourceTree = "<group>"; };
		C2AC0B571C1F02620014A959 /* Info.plist */ = {isa = PBXFileReference; lastKnownFileType = text.plist.xml; path = Info.plist; sourceTree = "<group>"; };
		C2AC0B5C1C1F02630014A959 /* TodoUITests.xctest */ = {isa = PBXFileReference; explicitFileType = wrapper.cfbundle; includeInIndex = 0; path = TodoUITests.xctest; sourceTree = BUILT_PRODUCTS_DIR; };
		C2AC0B601C1F02630014A959 /* TodoUITests.swift */ = {isa = PBXFileReference; lastKnownFileType = sourcecode.swift; path = TodoUITests.swift; sourceTree = "<group>"; };
		C2AC0B621C1F02630014A959 /* Info.plist */ = {isa = PBXFileReference; lastKnownFileType = text.plist.xml; path = Info.plist; sourceTree = "<group>"; };
		C2AC0B711C1F045D0014A959 /* TodoItem.swift */ = {isa = PBXFileReference; fileEncoding = 4; lastKnownFileType = sourcecode.swift; path = TodoItem.swift; sourceTree = "<group>"; };
		C2D7A4911C3C14B500DFA44A /* DoneItemCell.swift */ = {isa = PBXFileReference; fileEncoding = 4; lastKnownFileType = sourcecode.swift; path = DoneItemCell.swift; sourceTree = "<group>"; };
		C2DD30E81C39521700E8BF77 /* TodoItemDataSource.swift */ = {isa = PBXFileReference; fileEncoding = 4; lastKnownFileType = sourcecode.swift; path = TodoItemDataSource.swift; sourceTree = "<group>"; };
		C2E24ED11C2E492F00890992 /* NSDate+ESAdditions.swift */ = {isa = PBXFileReference; fileEncoding = 4; lastKnownFileType = sourcecode.swift; path = "NSDate+ESAdditions.swift"; sourceTree = "<group>"; };
		C2E291751C22F69E006F25CB /* NewTodoItemController.swift */ = {isa = PBXFileReference; fileEncoding = 4; lastKnownFileType = sourcecode.swift; path = NewTodoItemController.swift; sourceTree = "<group>"; };
		C2E7EE9B1C26CA5D00476051 /* RectZoomAnimator.swift */ = {isa = PBXFileReference; fileEncoding = 4; lastKnownFileType = sourcecode.swift; path = RectZoomAnimator.swift; sourceTree = "<group>"; };
		C84AA9041C4FCE0A002D3391 /* EditCategoryViewController.swift */ = {isa = PBXFileReference; fileEncoding = 4; lastKnownFileType = sourcecode.swift; path = EditCategoryViewController.swift; sourceTree = "<group>"; };
		C8B1F4F61C47DDBB002F1B65 /* TodoItemCellModel.swift */ = {isa = PBXFileReference; fileEncoding = 4; lastKnownFileType = sourcecode.swift; path = TodoItemCellModel.swift; sourceTree = "<group>"; };
		C8B1F4FA1C487F9D002F1B65 /* CategoryCellModel.swift */ = {isa = PBXFileReference; fileEncoding = 4; lastKnownFileType = sourcecode.swift; path = CategoryCellModel.swift; sourceTree = "<group>"; };
		C8B1F4FC1C4888C8002F1B65 /* EditCategoryCell.swift */ = {isa = PBXFileReference; fileEncoding = 4; lastKnownFileType = sourcecode.swift; path = EditCategoryCell.swift; sourceTree = "<group>"; };
		C8B1F4FF1C4A6A91002F1B65 /* ReminderViewController.swift */ = {isa = PBXFileReference; fileEncoding = 4; lastKnownFileType = sourcecode.swift; path = ReminderViewController.swift; sourceTree = "<group>"; };
		C98C2651574F3948CD63244A /* Pods.debug.xcconfig */ = {isa = PBXFileReference; includeInIndex = 1; lastKnownFileType = text.xcconfig; name = Pods.debug.xcconfig; path = "Pods/Target Support Files/Pods/Pods.debug.xcconfig"; sourceTree = "<group>"; };
/* End PBXFileReference section */

/* Begin PBXFrameworksBuildPhase section */
		C2AC0B371C1F02620014A959 /* Frameworks */ = {
			isa = PBXFrameworksBuildPhase;
			buildActionMask = 2147483647;
			files = (
				423F82BA8439AB93D01BFEF8 /* Pods.framework in Frameworks */,
			);
			runOnlyForDeploymentPostprocessing = 0;
		};
		C2AC0B4E1C1F02620014A959 /* Frameworks */ = {
			isa = PBXFrameworksBuildPhase;
			buildActionMask = 2147483647;
			files = (
			);
			runOnlyForDeploymentPostprocessing = 0;
		};
		C2AC0B591C1F02630014A959 /* Frameworks */ = {
			isa = PBXFrameworksBuildPhase;
			buildActionMask = 2147483647;
			files = (
			);
			runOnlyForDeploymentPostprocessing = 0;
		};
/* End PBXFrameworksBuildPhase section */

/* Begin PBXGroup section */
		02C0691E95BDDFB50120FA92 /* Pods */ = {
			isa = PBXGroup;
			children = (
				C98C2651574F3948CD63244A /* Pods.debug.xcconfig */,
				7C0593E4FDEC0965DE1738FA /* Pods.release.xcconfig */,
			);
			name = Pods;
			sourceTree = "<group>";
		};
		1753442B69186BBC1033BE4A /* Frameworks */ = {
			isa = PBXGroup;
			children = (
				5988041E63D0669606384654 /* Pods.framework */,
			);
			name = Frameworks;
			sourceTree = "<group>";
		};
		C23765331C25103C0009219D /* UI */ = {
			isa = PBXGroup;
			children = (
				C8B1F4FF1C4A6A91002F1B65 /* ReminderViewController.swift */,
				C84AA9041C4FCE0A002D3391 /* EditCategoryViewController.swift */,
				C2E291751C22F69E006F25CB /* NewTodoItemController.swift */,
				C8B1F4F51C47DCE2002F1B65 /* TodoList */,
				C8B1F4F41C47DCB8002F1B65 /* TodoCategoryList */,
				C2E7EE9A1C26CA4400476051 /* Animators */,
				C2AC0B411C1F02620014A959 /* Main.storyboard */,
				C2AC0B491C1F02620014A959 /* LaunchScreen.storyboard */,
			);
			name = UI;
			sourceTree = "<group>";
		};
		C23765421C251B080009219D /* Generated */ = {
			isa = PBXGroup;
			children = (
				C237653C1C2511900009219D /* TodoItem+CoreDataProperties.swift */,
				C237653D1C2511900009219D /* TodoItemCategory+CoreDataProperties.swift */,
			);
			name = Generated;
			sourceTree = "<group>";
		};
		C2AC0B311C1F02620014A959 = {
			isa = PBXGroup;
			children = (
				C2AC0B3C1C1F02620014A959 /* Todo */,
				C2AC0B541C1F02620014A959 /* TodoTests */,
				C2AC0B5F1C1F02630014A959 /* TodoUITests */,
				C2AC0B3B1C1F02620014A959 /* Products */,
				02C0691E95BDDFB50120FA92 /* Pods */,
				1753442B69186BBC1033BE4A /* Frameworks */,
			);
			sourceTree = "<group>";
		};
		C2AC0B3B1C1F02620014A959 /* Products */ = {
			isa = PBXGroup;
			children = (
				C2AC0B3A1C1F02620014A959 /* Todo.app */,
				C2AC0B511C1F02620014A959 /* TodoTests.xctest */,
				C2AC0B5C1C1F02630014A959 /* TodoUITests.xctest */,
			);
			name = Products;
			sourceTree = "<group>";
		};
		C2AC0B3C1C1F02620014A959 /* Todo */ = {
			isa = PBXGroup;
			children = (
				C2E24ED01C2E490D00890992 /* Utils */,
				C23765331C25103C0009219D /* UI */,
				C2AC0B6E1C1F03D10014A959 /* Model */,
				C2AC0B3D1C1F02620014A959 /* AppDelegate.swift */,
				C2AC0B471C1F02620014A959 /* Assets.xcassets */,
				C2AC0B4C1C1F02620014A959 /* Info.plist */,
				C2AC0B441C1F02620014A959 /* Todo.xcdatamodeld */,
			);
			path = Todo;
			sourceTree = "<group>";
		};
		C2AC0B541C1F02620014A959 /* TodoTests */ = {
			isa = PBXGroup;
			children = (
				C2AC0B551C1F02620014A959 /* TodoTests.swift */,
				C2AC0B571C1F02620014A959 /* Info.plist */,
			);
			path = TodoTests;
			sourceTree = "<group>";
		};
		C2AC0B5F1C1F02630014A959 /* TodoUITests */ = {
			isa = PBXGroup;
			children = (
				C2AC0B601C1F02630014A959 /* TodoUITests.swift */,
				C2AC0B621C1F02630014A959 /* Info.plist */,
			);
			path = TodoUITests;
			sourceTree = "<group>";
		};
		C2AC0B6E1C1F03D10014A959 /* Model */ = {
			isa = PBXGroup;
			children = (
				C23765421C251B080009219D /* Generated */,
				C237653E1C2511900009219D /* TodoItemCategory.swift */,
				C2AC0B711C1F045D0014A959 /* TodoItem.swift */,
			);
			name = Model;
			sourceTree = "<group>";
		};
		C2E24ED01C2E490D00890992 /* Utils */ = {
			isa = PBXGroup;
			children = (
				C2E24ED11C2E492F00890992 /* NSDate+ESAdditions.swift */,
			);
			name = Utils;
			sourceTree = "<group>";
		};
		C2E7EE9A1C26CA4400476051 /* Animators */ = {
			isa = PBXGroup;
			children = (
				C2E7EE9B1C26CA5D00476051 /* RectZoomAnimator.swift */,
			);
			name = Animators;
			sourceTree = "<group>";
		};
		C8B1F4F41C47DCB8002F1B65 /* TodoCategoryList */ = {
			isa = PBXGroup;
			children = (
				C8B1F4FA1C487F9D002F1B65 /* CategoryCellModel.swift */,
				C24F25EF1C3EA3B800D56C1D /* TodoCategoryDataSource.swift */,
				C23765311C2510210009219D /* TodoCategoryListViewController.swift */,
				C237652F1C250F6E0009219D /* CategoryCell.swift */,
				C8B1F4FC1C4888C8002F1B65 /* EditCategoryCell.swift */,
			);
			name = TodoCategoryList;
			sourceTree = "<group>";
		};
		C8B1F4F51C47DCE2002F1B65 /* TodoList */ = {
			isa = PBXGroup;
			children = (
				C8B1F4F61C47DDBB002F1B65 /* TodoItemCellModel.swift */,
				C2DD30E81C39521700E8BF77 /* TodoItemDataSource.swift */,
				C2AC0B3F1C1F02620014A959 /* TodoListViewController.swift */,
				C269CE011C2452840067BFA9 /* TodoItemCell.swift */,
				C24933A91C3ABE4500E5812F /* EditTodoItemCell.swift */,
				C2D7A4911C3C14B500DFA44A /* DoneItemCell.swift */,
			);
			name = TodoList;
			sourceTree = "<group>";
		};
/* End PBXGroup section */

/* Begin PBXNativeTarget section */
		C2AC0B391C1F02620014A959 /* Todo */ = {
			isa = PBXNativeTarget;
			buildConfigurationList = C2AC0B651C1F02630014A959 /* Build configuration list for PBXNativeTarget "Todo" */;
			buildPhases = (
				16647595749BA1D6F62D88D2 /* Check Pods Manifest.lock */,
				C2AC0B361C1F02620014A959 /* Sources */,
				C2AC0B371C1F02620014A959 /* Frameworks */,
				C2AC0B381C1F02620014A959 /* Resources */,
				C2AC0B941C1F04BB0014A959 /* Embed Frameworks */,
				6261467E5D715182B61D0BC3 /* Embed Pods Frameworks */,
				624BA6F8979DC0B2AEC549F5 /* Copy Pods Resources */,
			);
			buildRules = (
			);
			dependencies = (
			);
			name = Todo;
			productName = Todo;
			productReference = C2AC0B3A1C1F02620014A959 /* Todo.app */;
			productType = "com.apple.product-type.application";
		};
		C2AC0B501C1F02620014A959 /* TodoTests */ = {
			isa = PBXNativeTarget;
			buildConfigurationList = C2AC0B681C1F02630014A959 /* Build configuration list for PBXNativeTarget "TodoTests" */;
			buildPhases = (
				C2AC0B4D1C1F02620014A959 /* Sources */,
				C2AC0B4E1C1F02620014A959 /* Frameworks */,
				C2AC0B4F1C1F02620014A959 /* Resources */,
			);
			buildRules = (
			);
			dependencies = (
				C2AC0B531C1F02620014A959 /* PBXTargetDependency */,
			);
			name = TodoTests;
			productName = TodoTests;
			productReference = C2AC0B511C1F02620014A959 /* TodoTests.xctest */;
			productType = "com.apple.product-type.bundle.unit-test";
		};
		C2AC0B5B1C1F02630014A959 /* TodoUITests */ = {
			isa = PBXNativeTarget;
			buildConfigurationList = C2AC0B6B1C1F02630014A959 /* Build configuration list for PBXNativeTarget "TodoUITests" */;
			buildPhases = (
				C2AC0B581C1F02630014A959 /* Sources */,
				C2AC0B591C1F02630014A959 /* Frameworks */,
				C2AC0B5A1C1F02630014A959 /* Resources */,
			);
			buildRules = (
			);
			dependencies = (
				C2AC0B5E1C1F02630014A959 /* PBXTargetDependency */,
			);
			name = TodoUITests;
			productName = TodoUITests;
			productReference = C2AC0B5C1C1F02630014A959 /* TodoUITests.xctest */;
			productType = "com.apple.product-type.bundle.ui-testing";
		};
/* End PBXNativeTarget section */

/* Begin PBXProject section */
		C2AC0B321C1F02620014A959 /* Project object */ = {
			isa = PBXProject;
			attributes = {
				LastSwiftUpdateCheck = 0710;
				LastUpgradeCheck = 0710;
				ORGANIZATIONNAME = "chi zhang";
				TargetAttributes = {
					C2AC0B391C1F02620014A959 = {
						CreatedOnToolsVersion = 7.1.1;
						DevelopmentTeam = CGRWT6YKZK;
					};
					C2AC0B501C1F02620014A959 = {
						CreatedOnToolsVersion = 7.1.1;
						TestTargetID = C2AC0B391C1F02620014A959;
					};
					C2AC0B5B1C1F02630014A959 = {
						CreatedOnToolsVersion = 7.1.1;
						TestTargetID = C2AC0B391C1F02620014A959;
					};
				};
			};
			buildConfigurationList = C2AC0B351C1F02620014A959 /* Build configuration list for PBXProject "Todo" */;
			compatibilityVersion = "Xcode 3.2";
			developmentRegion = English;
			hasScannedForEncodings = 0;
			knownRegions = (
				en,
				Base,
			);
			mainGroup = C2AC0B311C1F02620014A959;
			productRefGroup = C2AC0B3B1C1F02620014A959 /* Products */;
			projectDirPath = "";
			projectRoot = "";
			targets = (
				C2AC0B391C1F02620014A959 /* Todo */,
				C2AC0B501C1F02620014A959 /* TodoTests */,
				C2AC0B5B1C1F02630014A959 /* TodoUITests */,
			);
		};
/* End PBXProject section */

/* Begin PBXResourcesBuildPhase section */
		C2AC0B381C1F02620014A959 /* Resources */ = {
			isa = PBXResourcesBuildPhase;
			buildActionMask = 2147483647;
			files = (
				C2AC0B4B1C1F02620014A959 /* LaunchScreen.storyboard in Resources */,
				C2AC0B481C1F02620014A959 /* Assets.xcassets in Resources */,
				C2AC0B431C1F02620014A959 /* Main.storyboard in Resources */,
			);
			runOnlyForDeploymentPostprocessing = 0;
		};
		C2AC0B4F1C1F02620014A959 /* Resources */ = {
			isa = PBXResourcesBuildPhase;
			buildActionMask = 2147483647;
			files = (
			);
			runOnlyForDeploymentPostprocessing = 0;
		};
		C2AC0B5A1C1F02630014A959 /* Resources */ = {
			isa = PBXResourcesBuildPhase;
			buildActionMask = 2147483647;
			files = (
			);
			runOnlyForDeploymentPostprocessing = 0;
		};
/* End PBXResourcesBuildPhase section */

/* Begin PBXShellScriptBuildPhase section */
		16647595749BA1D6F62D88D2 /* Check Pods Manifest.lock */ = {
			isa = PBXShellScriptBuildPhase;
			buildActionMask = 2147483647;
			files = (
			);
			inputPaths = (
			);
			name = "Check Pods Manifest.lock";
			outputPaths = (
			);
			runOnlyForDeploymentPostprocessing = 0;
			shellPath = /bin/sh;
			shellScript = "diff \"${PODS_ROOT}/../Podfile.lock\" \"${PODS_ROOT}/Manifest.lock\" > /dev/null\nif [[ $? != 0 ]] ; then\n    cat << EOM\nerror: The sandbox is not in sync with the Podfile.lock. Run 'pod install' or update your CocoaPods installation.\nEOM\n    exit 1\nfi\n";
			showEnvVarsInLog = 0;
		};
		624BA6F8979DC0B2AEC549F5 /* Copy Pods Resources */ = {
			isa = PBXShellScriptBuildPhase;
			buildActionMask = 2147483647;
			files = (
			);
			inputPaths = (
			);
			name = "Copy Pods Resources";
			outputPaths = (
			);
			runOnlyForDeploymentPostprocessing = 0;
			shellPath = /bin/sh;
			shellScript = "\"${SRCROOT}/Pods/Target Support Files/Pods/Pods-resources.sh\"\n";
			showEnvVarsInLog = 0;
		};
		6261467E5D715182B61D0BC3 /* Embed Pods Frameworks */ = {
			isa = PBXShellScriptBuildPhase;
			buildActionMask = 2147483647;
			files = (
			);
			inputPaths = (
			);
			name = "Embed Pods Frameworks";
			outputPaths = (
			);
			runOnlyForDeploymentPostprocessing = 0;
			shellPath = /bin/sh;
			shellScript = "\"${SRCROOT}/Pods/Target Support Files/Pods/Pods-frameworks.sh\"\n";
			showEnvVarsInLog = 0;
		};
/* End PBXShellScriptBuildPhase section */

/* Begin PBXSourcesBuildPhase section */
		C2AC0B361C1F02620014A959 /* Sources */ = {
			isa = PBXSourcesBuildPhase;
			buildActionMask = 2147483647;
			files = (
				C84AA9051C4FCE0A002D3391 /* EditCategoryViewController.swift in Sources */,
				C2AC0B731C1F045D0014A959 /* TodoItem.swift in Sources */,
				C2E24ED21C2E492F00890992 /* NSDate+ESAdditions.swift in Sources */,
				C2DD30E91C39521700E8BF77 /* TodoItemDataSource.swift in Sources */,
				C8B1F4F71C47DDBB002F1B65 /* TodoItemCellModel.swift in Sources */,
				C269CE021C2452840067BFA9 /* TodoItemCell.swift in Sources */,
				C237653F1C2511900009219D /* TodoItem+CoreDataProperties.swift in Sources */,
				C2E291761C22F69E006F25CB /* NewTodoItemController.swift in Sources */,
				C2E7EE9C1C26CA5D00476051 /* RectZoomAnimator.swift in Sources */,
				C8B1F5001C4A6A91002F1B65 /* ReminderViewController.swift in Sources */,
				C23765301C250F6E0009219D /* CategoryCell.swift in Sources */,
				C2AC0B401C1F02620014A959 /* TodoListViewController.swift in Sources */,
				C24F25F01C3EA3B800D56C1D /* TodoCategoryDataSource.swift in Sources */,
				C2AC0B461C1F02620014A959 /* Todo.xcdatamodeld in Sources */,
				C8B1F4FD1C4888C8002F1B65 /* EditCategoryCell.swift in Sources */,
				C23765321C2510210009219D /* TodoCategoryListViewController.swift in Sources */,
				C23765411C2511900009219D /* TodoItemCategory.swift in Sources */,
				C23765401C2511900009219D /* TodoItemCategory+CoreDataProperties.swift in Sources */,
				C2D7A4921C3C14B500DFA44A /* DoneItemCell.swift in Sources */,
				C2AC0B3E1C1F02620014A959 /* AppDelegate.swift in Sources */,
				C8B1F4FB1C487F9D002F1B65 /* CategoryCellModel.swift in Sources */,
				C24933AA1C3ABE4500E5812F /* EditTodoItemCell.swift in Sources */,
			);
			runOnlyForDeploymentPostprocessing = 0;
		};
		C2AC0B4D1C1F02620014A959 /* Sources */ = {
			isa = PBXSourcesBuildPhase;
			buildActionMask = 2147483647;
			files = (
				C2AC0B561C1F02620014A959 /* TodoTests.swift in Sources */,
			);
			runOnlyForDeploymentPostprocessing = 0;
		};
		C2AC0B581C1F02630014A959 /* Sources */ = {
			isa = PBXSourcesBuildPhase;
			buildActionMask = 2147483647;
			files = (
				C2AC0B611C1F02630014A959 /* TodoUITests.swift in Sources */,
			);
			runOnlyForDeploymentPostprocessing = 0;
		};
/* End PBXSourcesBuildPhase section */

/* Begin PBXTargetDependency section */
		C2AC0B531C1F02620014A959 /* PBXTargetDependency */ = {
			isa = PBXTargetDependency;
			target = C2AC0B391C1F02620014A959 /* Todo */;
			targetProxy = C2AC0B521C1F02620014A959 /* PBXContainerItemProxy */;
		};
		C2AC0B5E1C1F02630014A959 /* PBXTargetDependency */ = {
			isa = PBXTargetDependency;
			target = C2AC0B391C1F02620014A959 /* Todo */;
			targetProxy = C2AC0B5D1C1F02630014A959 /* PBXContainerItemProxy */;
		};
/* End PBXTargetDependency section */

/* Begin PBXVariantGroup section */
		C2AC0B411C1F02620014A959 /* Main.storyboard */ = {
			isa = PBXVariantGroup;
			children = (
				C2AC0B421C1F02620014A959 /* Base */,
			);
			name = Main.storyboard;
			sourceTree = "<group>";
		};
		C2AC0B491C1F02620014A959 /* LaunchScreen.storyboard */ = {
			isa = PBXVariantGroup;
			children = (
				C2AC0B4A1C1F02620014A959 /* Base */,
			);
			name = LaunchScreen.storyboard;
			sourceTree = "<group>";
		};
/* End PBXVariantGroup section */

/* Begin XCBuildConfiguration section */
		C2AC0B631C1F02630014A959 /* Debug */ = {
			isa = XCBuildConfiguration;
			buildSettings = {
				ALWAYS_SEARCH_USER_PATHS = NO;
				CLANG_CXX_LANGUAGE_STANDARD = "gnu++0x";
				CLANG_CXX_LIBRARY = "libc++";
				CLANG_ENABLE_MODULES = YES;
				CLANG_ENABLE_OBJC_ARC = YES;
				CLANG_WARN_BOOL_CONVERSION = YES;
				CLANG_WARN_CONSTANT_CONVERSION = YES;
				CLANG_WARN_DIRECT_OBJC_ISA_USAGE = YES_ERROR;
				CLANG_WARN_EMPTY_BODY = YES;
				CLANG_WARN_ENUM_CONVERSION = YES;
				CLANG_WARN_INT_CONVERSION = YES;
				CLANG_WARN_OBJC_ROOT_CLASS = YES_ERROR;
				CLANG_WARN_UNREACHABLE_CODE = YES;
				CLANG_WARN__DUPLICATE_METHOD_MATCH = YES;
				"CODE_SIGN_IDENTITY[sdk=iphoneos*]" = "iPhone Developer";
				COPY_PHASE_STRIP = NO;
				DEBUG_INFORMATION_FORMAT = dwarf;
				ENABLE_STRICT_OBJC_MSGSEND = YES;
				ENABLE_TESTABILITY = YES;
				GCC_C_LANGUAGE_STANDARD = gnu99;
				GCC_DYNAMIC_NO_PIC = NO;
				GCC_NO_COMMON_BLOCKS = YES;
				GCC_OPTIMIZATION_LEVEL = 0;
				GCC_PREPROCESSOR_DEFINITIONS = (
					"DEBUG=1",
					"$(inherited)",
				);
				GCC_WARN_64_TO_32_BIT_CONVERSION = YES;
				GCC_WARN_ABOUT_RETURN_TYPE = YES_ERROR;
				GCC_WARN_UNDECLARED_SELECTOR = YES;
				GCC_WARN_UNINITIALIZED_AUTOS = YES_AGGRESSIVE;
				GCC_WARN_UNUSED_FUNCTION = YES;
				GCC_WARN_UNUSED_VARIABLE = YES;
				IPHONEOS_DEPLOYMENT_TARGET = 9.1;
				MTL_ENABLE_DEBUG_INFO = YES;
				ONLY_ACTIVE_ARCH = YES;
				SDKROOT = iphoneos;
				SWIFT_OPTIMIZATION_LEVEL = "-Onone";
			};
			name = Debug;
		};
		C2AC0B641C1F02630014A959 /* Release */ = {
			isa = XCBuildConfiguration;
			buildSettings = {
				ALWAYS_SEARCH_USER_PATHS = NO;
				CLANG_CXX_LANGUAGE_STANDARD = "gnu++0x";
				CLANG_CXX_LIBRARY = "libc++";
				CLANG_ENABLE_MODULES = YES;
				CLANG_ENABLE_OBJC_ARC = YES;
				CLANG_WARN_BOOL_CONVERSION = YES;
				CLANG_WARN_CONSTANT_CONVERSION = YES;
				CLANG_WARN_DIRECT_OBJC_ISA_USAGE = YES_ERROR;
				CLANG_WARN_EMPTY_BODY = YES;
				CLANG_WARN_ENUM_CONVERSION = YES;
				CLANG_WARN_INT_CONVERSION = YES;
				CLANG_WARN_OBJC_ROOT_CLASS = YES_ERROR;
				CLANG_WARN_UNREACHABLE_CODE = YES;
				CLANG_WARN__DUPLICATE_METHOD_MATCH = YES;
				"CODE_SIGN_IDENTITY[sdk=iphoneos*]" = "iPhone Developer";
				COPY_PHASE_STRIP = NO;
				DEBUG_INFORMATION_FORMAT = "dwarf-with-dsym";
				ENABLE_NS_ASSERTIONS = NO;
				ENABLE_STRICT_OBJC_MSGSEND = YES;
				GCC_C_LANGUAGE_STANDARD = gnu99;
				GCC_NO_COMMON_BLOCKS = YES;
				GCC_WARN_64_TO_32_BIT_CONVERSION = YES;
				GCC_WARN_ABOUT_RETURN_TYPE = YES_ERROR;
				GCC_WARN_UNDECLARED_SELECTOR = YES;
				GCC_WARN_UNINITIALIZED_AUTOS = YES_AGGRESSIVE;
				GCC_WARN_UNUSED_FUNCTION = YES;
				GCC_WARN_UNUSED_VARIABLE = YES;
				IPHONEOS_DEPLOYMENT_TARGET = 9.1;
				MTL_ENABLE_DEBUG_INFO = NO;
				SDKROOT = iphoneos;
				VALIDATE_PRODUCT = YES;
			};
			name = Release;
		};
		C2AC0B661C1F02630014A959 /* Debug */ = {
			isa = XCBuildConfiguration;
			baseConfigurationReference = C98C2651574F3948CD63244A /* Pods.debug.xcconfig */;
			buildSettings = {
				ASSETCATALOG_COMPILER_APPICON_NAME = AppIcon;
				CODE_SIGN_IDENTITY = "iPhone Developer";
				INFOPLIST_FILE = Todo/Info.plist;
				LD_RUNPATH_SEARCH_PATHS = "$(inherited) @executable_path/Frameworks";
				PRODUCT_BUNDLE_IDENTIFIER = com.codescv.productivity.Todo;
				PRODUCT_NAME = "$(TARGET_NAME)";
			};
			name = Debug;
		};
		C2AC0B671C1F02630014A959 /* Release */ = {
			isa = XCBuildConfiguration;
			baseConfigurationReference = 7C0593E4FDEC0965DE1738FA /* Pods.release.xcconfig */;
			buildSettings = {
				ASSETCATALOG_COMPILER_APPICON_NAME = AppIcon;
				CODE_SIGN_IDENTITY = "iPhone Developer";
				INFOPLIST_FILE = Todo/Info.plist;
				LD_RUNPATH_SEARCH_PATHS = "$(inherited) @executable_path/Frameworks";
				PRODUCT_BUNDLE_IDENTIFIER = com.codescv.productivity.Todo;
				PRODUCT_NAME = "$(TARGET_NAME)";
			};
			name = Release;
		};
		C2AC0B691C1F02630014A959 /* Debug */ = {
			isa = XCBuildConfiguration;
			buildSettings = {
				BUNDLE_LOADER = "$(TEST_HOST)";
				INFOPLIST_FILE = TodoTests/Info.plist;
				LD_RUNPATH_SEARCH_PATHS = "$(inherited) @executable_path/Frameworks @loader_path/Frameworks";
				PRODUCT_BUNDLE_IDENTIFIER = com.codescv.productivity.TodoTests;
				PRODUCT_NAME = "$(TARGET_NAME)";
				TEST_HOST = "$(BUILT_PRODUCTS_DIR)/Todo.app/Todo";
			};
			name = Debug;
		};
		C2AC0B6A1C1F02630014A959 /* Release */ = {
			isa = XCBuildConfiguration;
			buildSettings = {
				BUNDLE_LOADER = "$(TEST_HOST)";
				INFOPLIST_FILE = TodoTests/Info.plist;
				LD_RUNPATH_SEARCH_PATHS = "$(inherited) @executable_path/Frameworks @loader_path/Frameworks";
				PRODUCT_BUNDLE_IDENTIFIER = com.codescv.productivity.TodoTests;
				PRODUCT_NAME = "$(TARGET_NAME)";
				TEST_HOST = "$(BUILT_PRODUCTS_DIR)/Todo.app/Todo";
			};
			name = Release;
		};
		C2AC0B6C1C1F02630014A959 /* Debug */ = {
			isa = XCBuildConfiguration;
			buildSettings = {
				INFOPLIST_FILE = TodoUITests/Info.plist;
				LD_RUNPATH_SEARCH_PATHS = "$(inherited) @executable_path/Frameworks @loader_path/Frameworks";
				PRODUCT_BUNDLE_IDENTIFIER = com.codescv.productivity.TodoUITests;
				PRODUCT_NAME = "$(TARGET_NAME)";
				TEST_TARGET_NAME = Todo;
				USES_XCTRUNNER = YES;
			};
			name = Debug;
		};
		C2AC0B6D1C1F02630014A959 /* Release */ = {
			isa = XCBuildConfiguration;
			buildSettings = {
				INFOPLIST_FILE = TodoUITests/Info.plist;
				LD_RUNPATH_SEARCH_PATHS = "$(inherited) @executable_path/Frameworks @loader_path/Frameworks";
				PRODUCT_BUNDLE_IDENTIFIER = com.codescv.productivity.TodoUITests;
				PRODUCT_NAME = "$(TARGET_NAME)";
				TEST_TARGET_NAME = Todo;
				USES_XCTRUNNER = YES;
			};
			name = Release;
		};
/* End XCBuildConfiguration section */

/* Begin XCConfigurationList section */
		C2AC0B351C1F02620014A959 /* Build configuration list for PBXProject "Todo" */ = {
			isa = XCConfigurationList;
			buildConfigurations = (
				C2AC0B631C1F02630014A959 /* Debug */,
				C2AC0B641C1F02630014A959 /* Release */,
			);
			defaultConfigurationIsVisible = 0;
			defaultConfigurationName = Release;
		};
		C2AC0B651C1F02630014A959 /* Build configuration list for PBXNativeTarget "Todo" */ = {
			isa = XCConfigurationList;
			buildConfigurations = (
				C2AC0B661C1F02630014A959 /* Debug */,
				C2AC0B671C1F02630014A959 /* Release */,
			);
			defaultConfigurationIsVisible = 0;
			defaultConfigurationName = Release;
		};
		C2AC0B681C1F02630014A959 /* Build configuration list for PBXNativeTarget "TodoTests" */ = {
			isa = XCConfigurationList;
			buildConfigurations = (
				C2AC0B691C1F02630014A959 /* Debug */,
				C2AC0B6A1C1F02630014A959 /* Release */,
			);
			defaultConfigurationIsVisible = 0;
			defaultConfigurationName = Release;
		};
		C2AC0B6B1C1F02630014A959 /* Build configuration list for PBXNativeTarget "TodoUITests" */ = {
			isa = XCConfigurationList;
			buildConfigurations = (
				C2AC0B6C1C1F02630014A959 /* Debug */,
				C2AC0B6D1C1F02630014A959 /* Release */,
			);
			defaultConfigurationIsVisible = 0;
			defaultConfigurationName = Release;
		};
/* End XCConfigurationList section */

/* Begin XCVersionGroup section */
		C2AC0B441C1F02620014A959 /* Todo.xcdatamodeld */ = {
			isa = XCVersionGroup;
			children = (
				C2AC0B451C1F02620014A959 /* Todo.xcdatamodel */,
			);
			currentVersion = C2AC0B451C1F02620014A959 /* Todo.xcdatamodel */;
			path = Todo.xcdatamodeld;
			sourceTree = "<group>";
			versionGroupType = wrapper.xcdatamodel;
		};
/* End XCVersionGroup section */
	};
	rootObject = C2AC0B321C1F02620014A959 /* Project object */;
}
